
Microsoft Visual Studio Solution File, Format Version 12.00
# Visual Studio Version 16
VisualStudioVersion = 16.0.32126.315
MinimumVisualStudioVersion = 10.0.40219.1
Project("{FAE04EC0-301F-11D3-BF4B-00C04F79EFBC}") = "WebTask", "WebTask\WebTask.csproj", "{BE78DA41-7F9B-4CB2-8891-60C72EC48074}"
EndProject
Project("{FAE04EC0-301F-11D3-BF4B-00C04F79EFBC}") = "WebTask.Lib", "WebTask.Lib\WebTask.Lib.csproj", "{F012E8B0-4B93-4AC3-9747-0944DF3BA1AA}"
EndProject
Global
	GlobalSection(SolutionConfigurationPlatforms) = preSolution
		Debug|Any CPU = Debug|Any CPU
		Release|Any CPU = Release|Any CPU
	EndGlobalSection
	GlobalSection(ProjectConfigurationPlatforms) = postSolution
		{BE78DA41-7F9B-4CB2-8891-60C72EC48074}.Debug|Any CPU.ActiveCfg = Debug|Any CPU
		{BE78DA41-7F9B-4CB2-8891-60C72EC48074}.Debug|Any CPU.Build.0 = Debug|Any CPU
		{BE78DA41-7F9B-4CB2-8891-60C72EC48074}.Release|Any CPU.ActiveCfg = Release|Any CPU
		{BE78DA41-7F9B-4CB2-8891-60C72EC48074}.Release|Any CPU.Build.0 = Release|Any CPU
		{F012E8B0-4B93-4AC3-9747-0944DF3BA1AA}.Debug|Any CPU.ActiveCfg = Debug|Any CPU
		{F012E8B0-4B93-4AC3-9747-0944DF3BA1AA}.Debug|Any CPU.Build.0 = Debug|Any CPU
		{F012E8B0-4B93-4AC3-9747-0944DF3BA1AA}.Release|Any CPU.ActiveCfg = Release|Any CPU
		{F012E8B0-4B93-4AC3-9747-0944DF3BA1AA}.Release|Any CPU.Build.0 = Release|Any CPU
	EndGlobalSection
	GlobalSection(SolutionProperties) = preSolution
		HideSolutionNode = FALSE
	EndGlobalSection
	GlobalSection(ExtensibilityGlobals) = postSolution
		SolutionGuid = {0E48E9D1-FF21-4A8E-B598-3189F8CBD7ED}
	EndGlobalSection
EndGlobal
